
Microsoft Visual Studio Solution File, Format Version 12.00
# Visual Studio Version 16
VisualStudioVersion = 16.0.33214.272
MinimumVisualStudioVersion = 10.0.40219.1
Project("{FAE04EC0-301F-11D3-BF4B-00C04F79EFBC}") = "ClassPresentationGoFirstinator", "ClassPresentationGoFirstinator\ClassPresentationGoFirstinator.csproj", "{D7C7B54F-5443-410A-B4F0-7FA00DB02F13}"
EndProject
Global
	GlobalSection(SolutionConfigurationPlatforms) = preSolution
		Debug|Any CPU = Debug|Any CPU
		Release|Any CPU = Release|Any CPU
	EndGlobalSection
	GlobalSection(ProjectConfigurationPlatforms) = postSolution
		{D7C7B54F-5443-410A-B4F0-7FA00DB02F13}.Debug|Any CPU.ActiveCfg = Debug|Any CPU
		{D7C7B54F-5443-410A-B4F0-7FA00DB02F13}.Debug|Any CPU.Build.0 = Debug|Any CPU
		{D7C7B54F-5443-410A-B4F0-7FA00DB02F13}.Release|Any CPU.ActiveCfg = Release|Any CPU
		{D7C7B54F-5443-410A-B4F0-7FA00DB02F13}.Release|Any CPU.Build.0 = Release|Any CPU
	EndGlobalSection
	GlobalSection(SolutionProperties) = preSolution
		HideSolutionNode = FALSE
	EndGlobalSection
	GlobalSection(ExtensibilityGlobals) = postSolution
		SolutionGuid = {E39812C9-F95D-49A3-AD72-CF946E994295}
	EndGlobalSection
EndGlobal
